
Microsoft Visual Studio Solution File, Format Version 12.00
# Visual Studio Version 17
VisualStudioVersion = 17.4.33110.190
MinimumVisualStudioVersion = 10.0.40219.1
Project("{9A19103F-16F7-4668-BE54-9A1E7A4F7556}") = "WebUI", "WebUI\WebUI.csproj", "{A0C13B6E-947B-4E9B-829E-C3CE927FD589}"
EndProject
Project("{9A19103F-16F7-4668-BE54-9A1E7A4F7556}") = "Entities", "Entitites\Entities.csproj", "{970403C1-C0AF-4354-BB67-701CA2C26824}"
EndProject
Project("{9A19103F-16F7-4668-BE54-9A1E7A4F7556}") = "DataAccess", "DataAccess\DataAccess.csproj", "{FBA354B3-A1ED-48D3-9060-6E9CE9F6E11F}"
EndProject
Project("{9A19103F-16F7-4668-BE54-9A1E7A4F7556}") = "Core", "Core\Core.csproj", "{FBC1B6E5-DBED-485A-AF5C-09460AE98CC5}"
EndProject
Project("{9A19103F-16F7-4668-BE54-9A1E7A4F7556}") = "Business", "Business\Business.csproj", "{005CC799-A0CE-4275-BFBA-E86A03AC185F}"
EndProject
Global
	GlobalSection(SolutionConfigurationPlatforms) = preSolution
		Debug|Any CPU = Debug|Any CPU
		Release|Any CPU = Release|Any CPU
	EndGlobalSection
	GlobalSection(ProjectConfigurationPlatforms) = postSolution
		{A0C13B6E-947B-4E9B-829E-C3CE927FD589}.Debug|Any CPU.ActiveCfg = Release|Any CPU
		{A0C13B6E-947B-4E9B-829E-C3CE927FD589}.Debug|Any CPU.Build.0 = Release|Any CPU
		{A0C13B6E-947B-4E9B-829E-C3CE927FD589}.Release|Any CPU.ActiveCfg = Release|Any CPU
		{A0C13B6E-947B-4E9B-829E-C3CE927FD589}.Release|Any CPU.Build.0 = Release|Any CPU
		{970403C1-C0AF-4354-BB67-701CA2C26824}.Debug|Any CPU.ActiveCfg = Debug|Any CPU
		{970403C1-C0AF-4354-BB67-701CA2C26824}.Debug|Any CPU.Build.0 = Debug|Any CPU
		{970403C1-C0AF-4354-BB67-701CA2C26824}.Release|Any CPU.ActiveCfg = Release|Any CPU
		{970403C1-C0AF-4354-BB67-701CA2C26824}.Release|Any CPU.Build.0 = Release|Any CPU
		{FBA354B3-A1ED-48D3-9060-6E9CE9F6E11F}.Debug|Any CPU.ActiveCfg = Release|Any CPU
		{FBA354B3-A1ED-48D3-9060-6E9CE9F6E11F}.Debug|Any CPU.Build.0 = Release|Any CPU
		{FBA354B3-A1ED-48D3-9060-6E9CE9F6E11F}.Release|Any CPU.ActiveCfg = Release|Any CPU
		{FBA354B3-A1ED-48D3-9060-6E9CE9F6E11F}.Release|Any CPU.Build.0 = Release|Any CPU
		{FBC1B6E5-DBED-485A-AF5C-09460AE98CC5}.Debug|Any CPU.ActiveCfg = Debug|Any CPU
		{FBC1B6E5-DBED-485A-AF5C-09460AE98CC5}.Debug|Any CPU.Build.0 = Debug|Any CPU
		{FBC1B6E5-DBED-485A-AF5C-09460AE98CC5}.Release|Any CPU.ActiveCfg = Release|Any CPU
		{FBC1B6E5-DBED-485A-AF5C-09460AE98CC5}.Release|Any CPU.Build.0 = Release|Any CPU
		{005CC799-A0CE-4275-BFBA-E86A03AC185F}.Debug|Any CPU.ActiveCfg = Release|Any CPU
		{005CC799-A0CE-4275-BFBA-E86A03AC185F}.Debug|Any CPU.Build.0 = Release|Any CPU
		{005CC799-A0CE-4275-BFBA-E86A03AC185F}.Release|Any CPU.ActiveCfg = Release|Any CPU
		{005CC799-A0CE-4275-BFBA-E86A03AC185F}.Release|Any CPU.Build.0 = Release|Any CPU
	EndGlobalSection
	GlobalSection(SolutionProperties) = preSolution
		HideSolutionNode = FALSE
	EndGlobalSection
	GlobalSection(ExtensibilityGlobals) = postSolution
		SolutionGuid = {3E212438-D4EC-4649-8B33-1127771621B3}
	EndGlobalSection
EndGlobal
